
Microsoft Visual Studio Solution File, Format Version 12.00
# Visual Studio Version 17
VisualStudioVersion = 17.10.35027.167
MinimumVisualStudioVersion = 10.0.40219.1
Project("{9A19103F-16F7-4668-BE54-9A1E7A4F7556}") = "GreenHat", "GreenHat.csproj", "{AC64C1C9-988D-4029-B7B0-DD7D0DC27C6F}"
EndProject
Global
	GlobalSection(SolutionConfigurationPlatforms) = preSolution
		Debug|Any CPU = Debug|Any CPU
		Debug|x64 = Debug|x64
		Release|Any CPU = Release|Any CPU
		Release|x64 = Release|x64
	EndGlobalSection
	GlobalSection(ProjectConfigurationPlatforms) = postSolution
		{AC64C1C9-988D-4029-B7B0-DD7D0DC27C6F}.Debug|Any CPU.ActiveCfg = Debug|Any CPU
		{AC64C1C9-988D-4029-B7B0-DD7D0DC27C6F}.Debug|Any CPU.Build.0 = Debug|Any CPU
		{AC64C1C9-988D-4029-B7B0-DD7D0DC27C6F}.Debug|x64.ActiveCfg = Debug|x64
		{AC64C1C9-988D-4029-B7B0-DD7D0DC27C6F}.Debug|x64.Build.0 = Debug|x64
		{AC64C1C9-988D-4029-B7B0-DD7D0DC27C6F}.Release|Any CPU.ActiveCfg = Release|Any CPU
		{AC64C1C9-988D-4029-B7B0-DD7D0DC27C6F}.Release|Any CPU.Build.0 = Release|Any CPU
		{AC64C1C9-988D-4029-B7B0-DD7D0DC27C6F}.Release|x64.ActiveCfg = Release|x64
		{AC64C1C9-988D-4029-B7B0-DD7D0DC27C6F}.Release|x64.Build.0 = Release|x64
	EndGlobalSection
	GlobalSection(SolutionProperties) = preSolution
		HideSolutionNode = FALSE
	EndGlobalSection
	GlobalSection(ExtensibilityGlobals) = postSolution
		SolutionGuid = {83A175C7-46EB-445A-A002-6D1591531B1C}
	EndGlobalSection
EndGlobal
